
Microsoft Visual Studio Solution File, Format Version 12.00
# Visual Studio Version 17
VisualStudioVersion = 17.14.36408.4 d17.14
MinimumVisualStudioVersion = 10.0.40219.1
Project("{FAE04EC0-301F-11D3-BF4B-00C04F79EFBC}") = "Client", "Client\Client.csproj", "{2527BDD9-78B2-4B61-B11E-EB57007272D3}"
EndProject
Project("{FAE04EC0-301F-11D3-BF4B-00C04F79EFBC}") = "Service", "Service\Service.csproj", "{CAA4B5DF-F730-405B-BDBF-CEF1A2405D5C}"
EndProject
Project("{FAE04EC0-301F-11D3-BF4B-00C04F79EFBC}") = "Common", "Common\Common.csproj", "{AEA2F263-E18D-414B-92A2-D577C62B45BA}"
EndProject
Global
	GlobalSection(SolutionConfigurationPlatforms) = preSolution
		Debug|Any CPU = Debug|Any CPU
		Release|Any CPU = Release|Any CPU
	EndGlobalSection
	GlobalSection(ProjectConfigurationPlatforms) = postSolution
		{2527BDD9-78B2-4B61-B11E-EB57007272D3}.Debug|Any CPU.ActiveCfg = Debug|Any CPU
		{2527BDD9-78B2-4B61-B11E-EB57007272D3}.Debug|Any CPU.Build.0 = Debug|Any CPU
		{2527BDD9-78B2-4B61-B11E-EB57007272D3}.Release|Any CPU.ActiveCfg = Release|Any CPU
		{2527BDD9-78B2-4B61-B11E-EB57007272D3}.Release|Any CPU.Build.0 = Release|Any CPU
		{CAA4B5DF-F730-405B-BDBF-CEF1A2405D5C}.Debug|Any CPU.ActiveCfg = Debug|Any CPU
		{CAA4B5DF-F730-405B-BDBF-CEF1A2405D5C}.Debug|Any CPU.Build.0 = Debug|Any CPU
		{CAA4B5DF-F730-405B-BDBF-CEF1A2405D5C}.Release|Any CPU.ActiveCfg = Release|Any CPU
		{CAA4B5DF-F730-405B-BDBF-CEF1A2405D5C}.Release|Any CPU.Build.0 = Release|Any CPU
		{AEA2F263-E18D-414B-92A2-D577C62B45BA}.Debug|Any CPU.ActiveCfg = Debug|Any CPU
		{AEA2F263-E18D-414B-92A2-D577C62B45BA}.Debug|Any CPU.Build.0 = Debug|Any CPU
		{AEA2F263-E18D-414B-92A2-D577C62B45BA}.Release|Any CPU.ActiveCfg = Release|Any CPU
		{AEA2F263-E18D-414B-92A2-D577C62B45BA}.Release|Any CPU.Build.0 = Release|Any CPU
	EndGlobalSection
	GlobalSection(SolutionProperties) = preSolution
		HideSolutionNode = FALSE
	EndGlobalSection
	GlobalSection(ExtensibilityGlobals) = postSolution
		SolutionGuid = {97AF7210-B9D7-4C0D-A751-E9FC5A97FF8C}
	EndGlobalSection
EndGlobal
